{
  "name": "axion",
  "version": "0.1.0",
  "lockfileVersion": 3,
  "requires": true,
  "packages": {
    "": {
      "name": "axion",
      "version": "0.1.0",
      "devDependencies": {
        "electron": "^36.0.0"
      }
    },
    "node_modules/@electron/get": {
      "version": "2.0.3",
      "resolved": "https://registry.npmjs.org/@electron/get/-/get-2.0.3.tgz",
      "integrity": "sha512-Qkzpg2s9GnVV2I2BjRksUi43U5e6+zaQMcjoJy0C+C5oxaKl+fmckGDQFtRpZpZV0NQekuZZ+tGz7EA9TVnQtQ==",
      "dev": true,
      "license": "MIT",
      "dependencies": {
        "debug": "^4.1.1",
        "env-paths": "^2.2.0",
        "fs-extra": "^8.1.0",
        "got": "^11.8.5",
        "progress": "^2.0.3",
        "semver": "^6.2.0",
        "sumchecker": "^3.0.1"
      },
      "engines": {
        "node": ">=12"
      },
      "optionalDependencies": {
        "global-agent": "^3.0.0"
      }
    },
    "node_modules/@sindresorhus/is": {
      "version": "4.6.0",
      "resolved": "https://registry.npmjs.org/@sindresorhus/is/-/is-4.6.0.tgz",
      "integrity": "sha512-t09vSN3MdfsyCHoFcTRCH/iUtG7OJ0CsjzB8cjAmKc/va/kIgeDI/TxsigdncE/4be734m0cvIYwNaV4i2XqAw==",
      "dev": true,
      "license": "MIT",
      "engines": {
        "node": ">=10"
      },
      "funding": {
        "url": "https://github.com/sindresorhus/is?sponsor=1"
      }
    },
    "node_modules/@szmarczak/http-timer": {
      "version": "4.0.6",
      "resolved": "https://registry.npmjs.org/@szmarczak/http-timer/-/http-timer-4.0.6.tgz",
      "integrity": "sha512-4BAffykYOgO+5nzBWYwE3W90sBgLJoUPRWWcL8wlyiM8IB8ipJz3UMJ9KXQd1RKQXpKp8Tutn80HZtWsu2u76w==",
      "dev": true,
      "license": "MIT",
      "dependencies": {
        "defer-to-connect": "^2.0.0"
      },
      "engines": {
        "node": ">=10"
      }
    },
    "node_modules/@types/cacheable-request": {
      "version": "6.0.3",
      "resolved": "https://registry.npmjs.org/@types/cacheable-request/-/cacheable-request-6.0.3.tgz",
      "integrity": "sha512-IQ3EbTzGxIigb1I3qPZc1rWJnH0BmSKv5QYTalEwweFvyBDLSAe24zP0le/hyi7ecGfZVlIVAg4BZqb8WBwKqw==",
      "dev": true,
      "license": "MIT",
      "dependencies": {
        "@types/http-cache-semantics": "*",
        "@types/keyv": "^3.1.4",
        "@types/node": "*",
        "@types/responselike": "^1.0.0"
      }
    },
    "node_modules/@types/http-cache-semantics": {
      "version": "4.2.0",
      "resolved": "https://registry.npmjs.org/@types/http-cache-semantics/-/http-cache-semantics-4.2.0.tgz",
      "integrity": "sha512-L3LgimLHXtGkWikKnsPg0/VFx9OGZaC+eN1u4r+OB1XRqH3meBIAVC2zr1WdMH+RHmnRkqliQAOHNJ/E0j/e0Q==",
      "dev": true,
      "license": "MIT"
    },
    "node_modules/@types/keyv": {
      "version": "3.1.4",
      "resolved": "https://registry.npmjs.org/@types/keyv/-/keyv-3.1.4.tgz",
      "integrity": "sha512-BQ5aZNSCpj7D6K2ksrRCTmKRLEpnPvWDiLPfoGyhZ++8YtiK9d/3DBKPJgry359X/P1PfruyYwvnvwFjuEiEIg==",
      "dev": true,
      "license": "MIT",
      "dependencies": {
        "@types/node": "*"
      }
    },
    "node_modules/@types/node": {
      "version": "22.20.1",
      "resolved": "https://registry.npmjs.org/@types/node/-/node-22.20.1.tgz",
      "integrity": "sha512-EANqOCF9QFyra+4pfxUcX9STKJpCLjMbObVzljIJomAWSnuSIEAvyzEU53GaajbXJEgdh0iEcPL+DGvpUd4k1Q==",
      "dev": true,
      "license": "MIT",
      "dependencies": {
        "undici-types": "~6.21.0"
      }
    },
    "node_modules/@types/responselike": {
      "version": "1.0.3",
      "resolved": "https://registry.npmjs.org/@types/responselike/-/responselike-1.0.3.tgz",
      "integrity": "sha512-H/+L+UkTV33uf49PH5pCAUBVPNj2nDBXTN+qS1dOwyyg24l3CcicicCA7ca+HMvJBZcFgl5r8e+RR6elsb4Lyw==",
      "dev": true,
      "license": "MIT",
      "dependencies": {
        "@types/node": "*"
      }
    },
    "node_modules/@types/yauzl": {
      "version": "2.10.3",
      "resolved": "https://registry.npmjs.org/@types/yauzl/-/yauzl-2.10.3.tgz",
      "integrity": "sha512-oJoftv0LSuaDZE3Le4DbKX+KS9G36NzOeSap90UIK0yMA/NhKJhqlSGtNDORNRaIbQfzjXDrQa0ytJ6mNRGz/Q==",
      "dev": true,
      "license": "MIT",
      "optional": true,
      "dependencies": {
        "@types/node": "*"
      }
    },
    "node_modules/boolean": {
      "version": "3.2.0",
      "resolved": "https://registry.npmjs.org/boolean/-/boolean-3.2.0.tgz",
      "integrity": "sha512-d0II/GO9uf9lfUHH2BQsjxzRJZBdsjgsBiW4BvhWk/3qoKwQFjIDVN19PfX8F2D/r9PCMTtLWjYVCFrpeYUzsw==",
      "deprecated": "Package no longer supported. Contact Support at https://www.npmjs.com/support for more info.",
      "dev": true,
      "license": "MIT",
      "optional": true
    },
    "node_modules/buffer-crc32": {
      "version": "0.2.13",
      "resolved": "https://registry.npmjs.org/buffer-crc32/-/buffer-crc32-0.2.13.tgz",
      "integrity": "sha512-VO9Ht/+p3SN7SKWqcrgEzjGbRSJYTx+Q1pTQC0wrWqHx0vpJraQ6GtHx8tvcg1rlK1byhU5gccxgOgj7B0TDkQ==",
      "dev": true,
      "license": "MIT",
      "engines": {
        "node": "*"
      }
    },
    "node_modules/cacheable-lookup": {
      "version": "5.0.4",
      "resolved": "https://registry.npmjs.org/cacheable-lookup/-/cacheable-lookup-5.0.4.tgz",
      "integrity": "sha512-2/kNscPhpcxrOigMZzbiWF7dz8ilhb/nIHU3EyZiXWXpeq/au8qJ8VhdftMkty3n7Gj6HIGalQG8oiBNB3AJgA==",
      "dev": true,
      "license": "MIT",
      "engines": {
        "node": ">=10.6.0"
      }
    },
    "node_modules/cacheable-request": {
      "version": "7.0.4",
      "resolved": "https://registry.npmjs.org/cacheable-request/-/cacheable-request-7.0.4.tgz",
      "integrity": "sha512-v+p6ongsrp0yTGbJXjgxPow2+DL93DASP4kXCDKb8/bwRtt9OEF3whggkkDkGNzgcWy2XaF4a8nZglC7uElscg==",
      "dev": true,
      "license": "MIT",
      "dependencies": {
        "clone-response": "^1.0.2",
        "get-stream": "^5.1.0",
        "http-cache-semantics": "^4.0.0",
        "keyv": "^4.0.0",
        "lowercase-keys": "^2.0.0",
        "normalize-url": "^6.0.1",
        "responselike": "^2.0.0"
      },
      "engines": {
        "node": ">=8"
      }
    },
    "node_modules/clone-response": {
      "version": "1.0.3",
      "resolved": "https://registry.npmjs.org/clone-response/-/clone-response-1.0.3.tgz",
      "integrity": "sha512-ROoL94jJH2dUVML2Y/5PEDNaSHgeOdSDicUyS7izcF63G6sTc/FTjLub4b8Il9S8S0beOfYt0TaA5qvFK+w0wA==",
      "dev": true,
      "license": "MIT",
      "dependencies": {
        "mimic-response": "^1.0.0"
      },
      "funding": {
        "url": "https://github.com/sponsors/sindresorhus"
      }
    },
    "node_modules/debug": {
      "version": "4.4.3",
      "resolved": "https://registry.npmjs.org/debug/-/debug-4.4.3.tgz",
      "integrity": "sha512-RGwwWnwQvkVfavKVt22FGLw+xYSdzARwm0ru6DhTVA3umU5hZc28V3kO4stgYryrTlLpuvgI9GiijltAjNbcqA==",
      "dev": true,
      "license": "MIT",
      "dependencies": {
        "ms": "^2.1.3"
      },
      "engines": {
        "node": ">=6.0"
      },
      "peerDependenciesMeta": {
        "supports-color": {
          "optional": true
        }
      }
    },
    "node_modules/decompress-response": {
      "version": "6.0.0",
      "resolved": "https://registry.npmjs.org/decompress-response/-/decompress-response-6.0.0.tgz",
      "integrity": "sha512-aW35yZM6Bb/4oJlZncMH2LCoZtJXTRxES17vE3hoRiowU2kWHaJKFkSBDnDR+cm9J+9QhXmREyIfv0pji9ejCQ==",
      "dev": true,
      "license": "MIT",
      "dependencies": {
        "mimic-response": "^3.1.0"
      },
      "engines": {
        "node": ">=10"
      },
      "funding": {
        "url": "https://github.com/sponsors/sindresorhus"
      }
    },
    "node_modules/decompress-response/node_modules/mimic-response": {
      "version": "3.1.0",
      "resolved": "https://registry.npmjs.org/mimic-response/-/mimic-response-3.1.0.tgz",
      "integrity": "sha512-z0yWI+4FDrrweS8Zmt4Ej5HdJmky15+L2e6Wgn3+iK5fWzb6T3fhNFq2+MeTRb064c6Wr4N/wv0DzQTjNzHNGQ==",
      "dev": true,
      "license": "MIT",
      "engines": {
        "node": ">=10"
      },
      "funding": {
        "url": "https://github.com/sponsors/sindresorhus"
      }
    },
    "node_modules/defer-to-connect": {
      "version": "2.0.1",
      "resolved": "https://registry.npmjs.org/defer-to-connect/-/defer-to-connect-2.0.1.tgz",
      "integrity": "sha512-4tvttepXG1VaYGrRibk5EwJd1t4udunSOVMdLSAL6mId1ix438oPwPZMALY41FCijukO1L0twNcGsdzS7dHgDg==",
      "dev": true,
      "license": "MIT",
      "engines": {
        "node": ">=10"
      }
    },
    "node_modules/define-data-property": {
      "version": "1.1.4",
      "resolved": "https://registry.npmjs.org/define-data-property/-/define-data-property-1.1.4.tgz",
      "integrity": "sha512-rBMvIzlpA8v6E+SJZoo++HAYqsLrkg7MSfIinMPFhmkorw7X+dOXVJQs+QT69zGkzMyfDnIMN2Wid1+NbL3T+A==",
      "dev": true,
      "license": "MIT",
      "optional": true,
      "dependencies": {
        "es-define-property": "^1.0.0",
        "es-errors": "^1.3.0",
        "gopd": "^1.0.1"
      },
      "engines": {
        "node": ">= 0.4"
      },
      "funding": {
        "url": "https://github.com/sponsors/ljharb"
      }
    },
    "node_modules/define-properties": {
      "version": "1.2.1",
      "resolved": "https://registry.npmjs.org/define-properties/-/define-properties-1.2.1.tgz",
      "integrity": "sha512-8QmQKqEASLd5nx0U1B1okLElbUuuttJ/AnYmRXbbbGDWh6uS208EjD4Xqq/I9wK7u0v6O08XhTWnt5XtEbR6Dg==",
      "dev": true,
      "license": "MIT",
      "optional": true,
      "dependencies": {
        "define-data-property": "^1.0.1",
        "has-property-descriptors": "^1.0.0",
        "object-keys": "^1.1.1"
      },
      "engines": {
        "node": ">= 0.4"
      },
      "funding": {
        "url": "https://github.com/sponsors/ljharb"
      }
    },
    "node_modules/detect-node": {
      "version": "2.1.0",
      "resolved": "https://registry.npmjs.org/detect-node/-/detect-node-2.1.0.tgz",
      "integrity": "sha512-T0NIuQpnTvFDATNuHN5roPwSBG83rFsuO+MXXH9/3N1eFbn4wcPjttvjMLEPWJ0RGUYgQE7cGgS3tNxbqCGM7g==",
      "dev": true,
      "license": "MIT",
      "optional": true
    },
    "node_modules/electron": {
      "version": "36.9.5",
      "resolved": "https://registry.npmjs.org/electron/-/electron-36.9.5.tgz",
      "integrity": "sha512-1UCss2IqxqujSzg/2jkRjuiT3G+EEXgd6UKB5kUekwQW1LJ6d4QCr8YItfC3Rr9VIGRDJ29eOERmnRNO1Eh+NA==",
      "dev": true,
      "hasInstallScript": true,
      "license": "MIT",
      "dependencies": {
        "@electron/get": "^2.0.0",
        "@types/node": "^22.7.7",
        "extract-zip": "^2.0.1"
      },
      "bin": {
        "electron": "cli.js"
      },
      "engines": {
        "node": ">= 12.20.55"
      }
    },
    "node_modules/end-of-stream": {
      "version": "1.4.5",
      "resolved": "https://registry.npmjs.org/end-of-stream/-/end-of-stream-1.4.5.tgz",
      "integrity": "sha512-ooEGc6HP26xXq/N+GCGOT0JKCLDGrq2bQUZrQ7gyrJiZANJ/8YDTxTpQBXGMn+WbIQXNVpyWymm7KYVICQnyOg==",
      "dev": true,
      "license": "MIT",
      "dependencies": {
        "once": "^1.4.0"
      }
    },
    "node_modules/env-paths": {
      "version": "2.2.1",
      "resolved": "https://registry.npmjs.org/env-paths/-/env-paths-2.2.1.tgz",
      "integrity": "sha512-+h1lkLKhZMTYjog1VEpJNG7NZJWcuc2DDk/qsqSTRRCOXiLjeQ1d1/udrUGhqMxUgAlwKNZ0cf2uqan5GLuS2A==",
      "dev": true,
      "license": "MIT",
      "engines": {
        "node": ">=6"
      }
    },
    "node_modules/es-define-property": {
      "version": "1.0.1",
      "resolved": "https://registry.npmjs.org/es-define-property/-/es-define-property-1.0.1.tgz",
      "integrity": "sha512-e3nRfgfUZ4rNGL232gUgX06QNyyez04KdjFrF+LTRoOXmrOgFKDg4BCdsjW8EnT69eqdYGmRpJwiPVYNrCaW3g==",
      "dev": true,
      "license": "MIT",
      "optional": true,
      "engines": {
        "node": ">= 0.4"
      }
    },
    "node_modules/es-errors": {
      "version": "1.3.0",
      "resolved": "https://registry.npmjs.org/es-errors/-/es-errors-1.3.0.tgz",
      "integrity": "sha512-Zf5H2Kxt2xjTvbJvP2ZWLEICxA6j+hAmMzIlypy4xcBg1vKVnx89Wy0GbS+kf5cwCVFFzdCFh2XSCFNULS6csw==",
      "dev": true,
      "license": "MIT",
      "optional": true,
      "engines": {
        "node": ">= 0.4"
      }
    },
    "node_modules/es6-error": {
      "version": "4.1.1",
      "resolved": "https://registry.npmjs.org/es6-error/-/es6-error-4.1.1.tgz",
      "integrity": "sha512-Um/+FxMr9CISWh0bi5Zv0iOD+4cFh5qLeks1qhAopKVAJw3drgKbKySikp7wGhDL0HPeaja0P5ULZrxLkniUVg==",
      "dev": true,
      "license": "MIT",
      "optional": true
    },
    "node_modules/escape-string-regexp": {
      "version": "4.0.0",
      "resolved": "https://registry.npmjs.org/escape-string-regexp/-/escape-string-regexp-4.0.0.tgz",
      "integrity": "sha512-TtpcNJ3XAzx3Gq8sWRzJaVajRs0uVxA2YAkdb1jm2YkPz4G6egUFAyA3n5vtEIZefPk5Wa4UXbKuS5fKkJWdgA==",
      "dev": true,
      "license": "MIT",
      "optional": true,
      "engines": {
        "node": ">=10"
      },
      "funding": {
        "url": "https://github.com/sponsors/sindresorhus"
      }
    },
    "node_modules/extract-zip": {
      "version": "2.0.1",
      "resolved": "https://registry.npmjs.org/extract-zip/-/extract-zip-2.0.1.tgz",
      "integrity": "sha512-GDhU9ntwuKyGXdZBUgTIe+vXnWj0fppUEtMDL0+idd5Sta8TGpHssn/eusA9mrPr9qNDym6SxAYZjNvCn/9RBg==",
      "dev": true,
      "license": "BSD-2-Clause",
      "dependencies": {
        "debug": "^4.1.1",
        "get-stream": "^5.1.0",
        "yauzl": "^2.10.0"
      },
      "bin": {
        "extract-zip": "cli.js"
      },
      "engines": {
        "node": ">= 10.17.0"
      },
      "optionalDependencies": {
        "@types/yauzl": "^2.9.1"
      }
    },
    "node_modules/fd-slicer": {
      "version": "1.1.0",
      "resolved": "https://registry.npmjs.org/fd-slicer/-/fd-slicer-1.1.0.tgz",
      "integrity": "sha512-cE1qsB/VwyQozZ+q1dGxR8LBYNZeofhEdUNGSMbQD3Gw2lAzX9Zb3uIU6Ebc/Fmyjo9AWWfnn0AUCHqtevs/8g==",
      "dev": true,
      "license": "MIT",
      "dependencies": {
        "pend": "~1.2.0"
      }
    },
    "node_modules/fs-extra": {
      "version": "8.1.0",
      "resolved": "https://registry.npmjs.org/fs-extra/-/fs-extra-8.1.0.tgz",
      "integrity": "sha512-yhlQgA6mnOJUKOsRUFsgJdQCvkKhcz8tlZG5HBQfReYZy46OwLcY+Zia0mtdHsOo9y/hP+CxMN0TU9QxoOtG4g==",
      "dev": true,
      "license": "MIT",
      "dependencies": {
        "graceful-fs": "^4.2.0",
        "jsonfile": "^4.0.0",
        "universalify": "^0.1.0"
      },
      "engines": {
        "node": ">=6 <7 || >=8"
      }
    },
    "node_modules/get-stream": {
      "version": "5.2.0",
      "resolved": "https://registry.npmjs.org/get-stream/-/get-stream-5.2.0.tgz",
      "integrity": "sha512-nBF+F1rAZVCu/p7rjzgA+Yb4lfYXrpl7a6VmJrU8wF9I1CKvP/QwPNZHnOlwbTkY6dvtFIzFMSyQXbLoTQPRpA==",
      "dev": true,
      "license": "MIT",
      "dependencies": {
        "pump": "^3.0/Ž7¶‰žËkºwµç\½±½‰…±Ñ¡¥Ì¼´½±½‰…±Ñ¡¥Ì´Ä¸À¸Ð¹Ñèˆ°(€€€€€€‰¥¹Ñ•É¥Ñäˆè€‰Í¡„ÔÄÈµÁ1-‰9TÑ]å±Áá)å­EÕ©™Ýe]¥X½)¡´ÔÁ½¼ÁÝÉY%1ØÕ©=Èå­ ­UHÍA¡MÉÉ%œÁÕŒ­­µÕ	QÝÔÑ)¡Dôôˆ°(€€€€€€‰‘•ØˆèÑÉÕ”°(€€€€€€‰±¥•¹Í”ˆè€‰5%Pˆ°(€€€€€€‰½ÁÑ¥½¹…°ˆèÑÉÕ”°(€€€€€€‰‘•Á•¹‘•¹¥•Ìˆèì(€€€€€€€€‰‘•™¥¹”µÁÉ½Á•ÉÑ¥•Ìˆè€‰xÄ¸È¸Äˆ°(€€€€€€€€‰½Áˆè€‰xÄ¸À¸Äˆ(€€€€€ô°(€€€€€€‰•¹¥¹•Ìˆèì(€€€€€€€€‰¹½‘”ˆè€ˆøô€À¸Ðˆ(€€€€€ô°(€€€€€€‰™Õ¹‘¥¹œˆèì(€€€€€€€€‰ÕÉ°ˆè€‰¡ÑÑÁÌè¼½¥Ñ¡Õˆ¹½´½ÍÁ½¹Í½ÉÌ½±©¡…Éˆˆ(€€€€€ô(€€€ô°(€€€€‰¹½‘•}µ½‘Õ±•Ì½½Áˆèì(€€€€€€‰Ù•ÉÍ¥½¸ˆè€ˆÄ¸È¸Àˆ°(€€€€€€‰É•Í½±Ù•ˆè€‰¡ÑÑÁÌè¼½É•¥ÍÑÉä¹¹Áµ©Ì¹½Éœ½½Á¼´½½Á´Ä¸È¸À¹Ñèˆ°(€€€€€€‰¥¹Ñ•É¥Ñäˆè€‰Í¡„ÔÄÈµiU-I Ø½­U½¥QÑQeAi(Í¡ÜåÝ9áà­	%	=¥©¹±åA¹É)ÍM©ÌÅÝååÙÙ)Á…eÑ¹éÉ-eIMÅ˜Í=<ÙI™„äÍáÍIœôôˆ°(€€€€€€‰‘•ØˆèÑÉÕ”°(€€€€€€‰±¥•¹Í”ˆè€‰5%Pˆ°(€€€€€€‰½ÁÑ¥½¹…°ˆèÑÉÕ”°(€€€€€€‰•¹¥¹•Ìˆèì(€€€€€€€€‰¹½‘”ˆè€ˆøô€À¸Ðˆ(€€€€€ô°(€€€€€€‰™Õ¹‘¥¹œˆèì(€€€€€€€€‰ÕÉ°ˆè€‰¡ÑÑÁÌè¼½¥Ñ¡Õˆ¹½´½ÍÁ½¹Í½ÉÌ½±©¡…Éˆˆ(€€€€€ô(€€€ô°(€€€€‰¹½‘•}µ½‘Õ±•Ì½½Ðˆèì(€€€€€€‰Ù•ÉÍ¥½¸ˆè€ˆÄÄ¸à¸Øˆ°(€€€€€€‰É•Í½±Ù•ˆè€‰¡ÑÑÁÌè¼½É•¥ÍÑÉä¹¹Áµ©Ì¹½Éœ½½Ð¼´½½Ð´ÄÄ¸à¸Ø¹Ñèˆ°(€€€€€€‰¥¹Ñ•É¥Ñäˆè€‰Í¡„ÔÄÈ´ÙÑ™häÅ‰=ÈÝ‰=a¹,ÝAI	1„Å ÑTÀàÁe!9…DÉ-Í5±1éI‰¬ÐÑ¹ÍiÉÅ%•IŒÍÙÑ)!AY‰-e‘‰…<É±©áœôôˆ°(€€€€€€‰‘•ØˆèÑÉÕ”°(€€€€€€‰±¥•¹Í”ˆè€‰5%Pˆ°(€€€€€€‰‘•Á•¹‘•¹¥•Ìˆèì(€€€€€€€€‰Í¥¹‘É•Í½É¡ÕÌ½¥Ìˆè€‰xÐ¸À¸Àˆ°(€€€€€€€€‰Íéµ…Éé…¬½¡ÑÑÀµÑ¥µ•Èˆè€‰xÐ¸À¸Ôˆ°(€€€€€€€€‰ÑåÁ•Ì½…¡•…‰±”µÉ•ÅÕ•ÍÐˆè€‰xØ¸À¸Äˆ°(€€€€€€€€‰ÑåÁ•Ì½É•ÍÁ½¹Í•±¥­”ˆè€‰xÄ¸À¸Àˆ°(€€€€€€€€‰…¡•…‰±”µ±½½­ÕÀˆè€‰xÔ¸À¸Ìˆ°(€€€€€€€€‰…¡•…‰±”µÉ•ÅÕ•ÍÐˆè€‰xÜ¸À¸Èˆ°(€€€€€€€€‰‘•½µÁÉ•ÍÌµÉ•ÍÁ½¹Í”ˆè€‰xØ¸À¸Àˆ°(€€€€€€€€‰¡ÑÑÀÈµÝÉ…ÁÁ•Èˆè€‰xÄ¸À¸Àµ‰•Ñ„¸Ô¸Èˆ°(€€€€€€€€‰±½Ý•É…Í”µ­•åÌˆè€‰xÈ¸À¸Àˆ°(€€€€€€€€‰Àµ…¹•±…‰±”ˆè€‰xÈ¸À¸Àˆ°(€€€€€€€€‰É•ÍÁ½¹Í•±¥­”ˆè€‰xÈ¸À¸Àˆ(€€€€€ô°(€€€€€€‰•¹¥¹•Ìˆèì(€€€€€€€€‰¹½‘”ˆè€ˆøôÄÀ¸Ää¸Àˆ(€€€€€ô°(€€€€€€‰™Õ¹‘¥¹œˆèì(€€€€€€€€‰ÕÉ°ˆè€‰¡ÑÑÁÌè¼½¥Ñ¡Õˆ¹½´½Í¥¹‘É•Í½É¡ÕÌ½½ÐýÍÁ½¹Í½ÈôÄˆ(€€€€€ô(€€€ô°(€€€€‰¹½‘•}µ½‘Õ±•Ì½É…•™Õ°µ™Ìˆèì(€€€€€€‰Ù•ÉÍ¥½¸ˆè€ˆÐ¸È¸ÄÄˆ°(€€€€€€‰É•Í½±Ù•ˆè€‰¡ÑÑÁÌè¼½É•¥ÍÑÉä¹¹Áµ©Ì¹½Éœ½É…•™Õ°µ™Ì¼´½É…•™Õ°µ™Ì´Ð¸È¸ÄÄ¹Ñèˆ°(€€€€€€‰¥¹Ñ•É¥Ñäˆè€‰Í¡„ÔÄÈµI‰(Ô½©µ99XÕ¼å•Q¹	1(½!Íé]XÁ@ÜÍ‰Œ­˜Ñ¹L½É)¨­e…LÙ%å¥=0ÁY½	e`­°Å]É°Í¬ØÍ ½-É ­¹¡(ÁaÙDôôˆ°(€€€€€€‰‘•ØˆèÑÉÕ”°(€€€€€€‰±¥•¹Í”ˆè€‰%Mˆ(€€€ô°(€€€€‰¹½‘•}µ½‘Õ±•Ì½¡…ÌµÁÉ½Á•ÉÑäµ‘•ÍÉ¥ÁÑ½ÉÌˆèì(€€€€€€‰Ù•ÉÍ¥½¸ˆè€ˆÄ¸À¸Èˆ°(€€€€€€‰É•Í½±Ù•ˆè€‰¡ÑÑÁÌè¼½É•¥ÍÑÉä¹¹Áµ©Ì¹½Éœ½¡…ÌµÁÉ½Á•ÉÑäµ‘•ÍÉ¥ÁÑ½ÉÌ¼´½¡…ÌµÁÉ½Á•ÉÑäµ‘•ÍÉ¥ÁÑ½ÉÌ´Ä¸À¸È¹Ñèˆ°(€€€€€€‰¥¹Ñ•É¥Ñäˆè€‰Í¡„ÔÄÈ´ÔÕ)9-Õ%\­ÙÄÑ-”Å	©=Q©4ÉeÑE%ÙPÝé!Ýµ™iA¼ÕÝ¹É­¥ÁeEÑ¹±•MÅÕµi´Ñ…èÍ¸É	L­•É‰äÕ¥Á)‘Éœôôˆ°(€€€€€€‰‘•ØˆèÑÉÕ”°(€€€€€€‰±¥•¹Í”ˆè€‰5%Pˆ°(€€€€€€‰½ÁÑ¥½¹…°ˆèÑÉÕ”°(€€€€€€‰‘•Á•¹‘•¹¥•Ìˆèì(€€€€€€€€‰•Ìµ‘•™¥¹”µÁÉ½Á•ÉÑäˆè€‰xÄ¸À¸Àˆ(€€€€€ô°(€€€€€€‰™Õ¹‘¥¹œˆèì(€€€€€€€€‰ÕÉ°ˆè€‰¡ÑÑÁÌè¼½¥Ñ¡Õˆ¹½´½ÍÁ½¹Í½ÉÌ½±©¡…Éˆˆ(€€€€€ô(€€€ô°(€€€€‰¹½‘•}µ½‘Õ±•Ì½¡ÑÑÀµ…¡”µÍ•µ…¹Ñ¥Ìˆèì(€€€€€€‰Ù•ÉÍ¥½¸ˆè€ˆÐ¸È¸Àˆ°(€€€€€€‰É•Í½±Ù•ˆè€‰¡ÑÑÁÌè¼½É•¥ÍÑÉä¹¹Áµ©Ì¹½Éœ½¡ÑÑÀµ…¡”µÍ•µ…¹Ñ¥Ì¼´½¡ÑÑÀµ…¡”µÍ•µ…¹Ñ¥Ì´Ð¸È¸À¹Ñèˆ°(€€€€€€‰¥¹Ñ•É¥Ñäˆè€‰Í¡„ÔÄÈµ‘QáÙAaÅAÙa	EÁÄÕ‘UÈÙµ5)`Ñ½%ØÙ‰Ý½´ÍÝ-IÍÕ%©©)9Å¡	Õ½¸åŒÅIE)%‘-…ØÌÍØÕÉåÌ¬àÝEDôôˆ°(€€€€€€‰‘•ØˆèÑÉÕ”°(€€€€€€‰±¥•¹Í”ˆè€‰	M´Èµ±…ÕÍ”ˆ(€€€ô°(€€€€‰¹½‘•}µ½‘Õ±•Ì½¡ÑÑÀÈµÝÉ…ÁÁ•Èˆèì(€€€€€€‰Ù•ÉÍ¥½¸ˆè€ˆÄ¸À¸Ìˆ°(€€€€€€‰É•Í½±Ù•ˆè€‰¡ÑÑÁÌè¼½É•¥ÍÑÉä¹¹Áµ©Ì¹½Éœ½¡ÑÑÀÈµÝÉ…ÁÁ•È¼´½¡ÑÑÀÈµÝÉ…ÁÁ•È´Ä¸À¸Ì¹Ñèˆ°(€€€€€€‰¥¹Ñ•É¥Ñäˆè€‰Í¡„ÔÄÈµX¬ÈÍÍ5ÈÄÉ]¹èÝ¥Q•)ÈÍ<Ù%á±¹ÙP½‰µ…@½a‘„ÌÕäÁÀäÔäåÀÁÅ•!H½8Å-%1]M½]Y¥=5©		a…aM5áœôôˆ°(€€€€€€‰‘•ØˆèÑÉÕ”°(€€€€€€‰±¥•¹Í”ˆè€‰5%Pˆ°(€€€€€€‰‘•Á•¹‘•¹¥•Ìˆèì(€€€€€€€€‰ÅÕ¥¬µ±ÉÔˆè€‰xÔ¸Ä¸Äˆ°(€€€€€€€€‰É•Í½±Ù”µ…±Á¸ˆè€‰xÄ¸À¸Àˆ(€€€€€ô°(€€€€€€‰•¹¥¹•Ìˆèì(€€€€€€€€‰¹½‘”ˆè€ˆøôÄÀ¸Ää¸Àˆ(€€€€€ô(€€€ô°(€€€€‰¹½‘•}µ½‘Õ±•Ì½©Í½¸µ‰Õ™™•Èˆèì(€€€€€€‰Ù•ÉÍ¥½¸ˆè€ˆÌ¸À¸Äˆ°(€€€€€€‰É•Í½±Ù•ˆè€‰¡ÑÑÁÌè¼½É•¥ÍÑÉä¹¹Áµ©Ì¹½Éœ½©Í½¸µ‰Õ™™•È¼´½©Í½¸µ‰Õ™™•È´Ì¸À¸Ä¹Ñèˆ°(€€€€€€‰¥¹Ñ•É¥Ñäˆè€‰Í¡„ÔÄÈ´Ñ‰XÕ	™HÉµÅ™EQ)´­XÕÑAA‘˜­iÁÕ¡¥%ÙQÕÕœá­Éa=iÁQP½EÝÝYI]	åÝ`Å½éÈÙ±ÕA‘‰!áÝ…)±´åÙµ$ÉÍ™MDôôˆ°(€€€€€€‰‘•ØˆèÑÉÕ”°(€€€€€€‰±¥•¹Í”ˆè€‰5%Pˆ(€€€ô°(€€€€‰¹½‘•}µ½‘Õ±•Ì½©Í½¸µÍÑÉ¥¹¥™äµÍ…™”ˆèì(€€€€€€‰Ù•ÉÍ¥½¸ˆè€ˆÔ¸À¸Äˆ°(€€€€€€‰É•Í½±Ù•ˆè€‰¡ÑÑÁÌè¼½É•¥ÍÑÉä¹¹Áµ©Ì¹½Éœ½©Í½¸µÍÑÉ¥¹¥™äµÍ…™”¼´½©Í½¸µÍÑÉ¥¹¥™äµÍ…™”´Ô¸À¸Ä¹Ñèˆ°(€€€€€€‰¥¹Ñ•É¥Ñäˆè€‰Í¡„ÔÄÈµi±œÙ…eÙ…µÙeàÉÍ%åÍÙMM%©D­½‘©…QéIÕ<ÍÌÝÑ½‘-é½ˆÉ¤Áé Ý)á­]¸ÄÝåÙ]¡UYáÙÅÝU…±ÍIôôˆ°(€€€€€€‰‘•ØˆèÑÉÕ”°(€€€€€€‰±¥•¹Í”ˆè€‰%Mˆ°(€€€€€€‰½ÁÑ¥½¹…°ˆèÑÉÕ”(€€€ô°(€€€€‰¹½‘•}µ½‘Õ±•Ì½©Í½¹™¥±”ˆèì(€€€€€€‰Ù•ÉÍ¥½¸ˆè€ˆÐ¸À¸Àˆ°(€€€€€€‰É•Í½±Ù•ˆè€‰¡ÑÑÁÌè¼½É•¥ÍÑÉä¹¹Áµ©Ì¹½Éœ½©Í½¹™¥±”¼´½©Í½¹™¥±”´Ð¸À¸À¹Ñèˆ°(€€€€€€‰¥¹Ñ•É¥Ñäˆè€‰Í¡„ÔÄÈµ´ÙÅHÍèá©©±˜É¥µE!LÉE•èÕÍ©-]Eé‰ÕÕ¡Õ(½-eIiÙAÍAÕ!M5Yié™Í1¡Y=­™ÈÁ½‰0ÕM]	•ÜÕM¡±ÅÕ9áœôôˆ°(€€€€€€‰‘•ØˆèÑÉÕ”°(€€€€€€‰±¥•¹Í”ˆè€‰5%Pˆ°(€€€€€€‰½ÁÑ¥½¹…±•Á•¹‘•¹¥•Ìˆèì(€€€€€€€€‰É…•™Õ°µ™Ìˆè€‰xÐ¸Ä¸Øˆ(€€€€€ô(€€€ô°(€€€€‰¹½‘•}µ½‘Õ±•Ì½­•åØˆèì(€€€€€€‰Ù•ÉÍ¥½¸ˆè€ˆÐ¸Ô¸Ðˆ°(€€€€€€‰É•Í½±Ù•ˆè€‰¡ÑÑÁÌè¼½É•¥ÍÑÉä¹¹Áµ©Ì¹½Éœ½­•åØ¼´½­•åØ´Ð¸Ô¸Ð¹Ñèˆ°(€€€€€€‰¥¹Ñ•É¥Ñäˆè€‰Í¡„ÔÄÈµ½áY!­!H½)˜É9a¹]áI1\ÙµœÝ)åUÁÑµ0ÉÑU¼ÅA9Q¥¸ÅAU¥°­È¼¬ÑÈÕ5ÁY½™¸Å­©ÍàÝµ©MÕ©-Å%ÁÜôôˆ°(€€€€€€‰‘•ØˆèÑÉÕ”°(€€€€€€‰±¥•¹Í”ˆè€‰5%Pˆ°(€€€€€€‰‘•Á•¹‘•¹¥•Ìˆèì(€€€€€€€€‰©Í½¸µ‰Õ™™•Èˆè€ˆÌ¸À¸Äˆ(€€€€€ô(€€€ô°(€€€€‰¹½‘•}µ½‘Õ±•Ì½±½Ý•É…Í”µ­•åÌˆèì(€€€€€€‰Ù•ÉÍ¥½¸ˆè€ˆÈ¸À¸Àˆ°(€€€€€€‰É•Í½±Ù•ˆè€‰¡ÑÑÁÌè¼½É•¥ÍÑÉä¹¹Áµ©Ì¹½Éœ½±½Ý•É…Í”µ­•åÌ¼´½±½Ý•É…Í”µ­•åÌ´È¸À¸À¹Ñèˆ°(€€€€€€‰¥¹Ñ•É¥Ñäˆè€‰Í¡„ÔÄÈµÑÅ9aÉLÜá½5=ÜÍ95á,Ñ51EÍE½Ý]˜á©-½½ åœÝáA…ÙIPÜÀÙHÙ‰­E(ÙdÉQ”ÝEÕ­…iÍÕ±á„ÌÁÝDÝ‰¬ÁÁ´Ña¥!µôôˆ°(€€€€€€‰‘•ØˆèÑÉÕ”°(€€€€€€‰±¥•¹Í”ˆè€‰5%Pˆ°(€€€€€€‰•¹¥¹•Ìˆèì(€€€€€€€€‰¹½‘”ˆè€ˆøôàˆ(€€€€€ô(€€€ô°(€€€€‰¹½‘•}µ½‘Õ±•Ì½µ…Ñ¡•Èˆèì(€€€€€€‰Ù•ÉÍ¥½¸ˆè€ˆÌ¸À¸Àˆ°(€€€€€€‰É•Í½±Ù•ˆè€‰¡ÑÑÁÌè¼½É•¥ÍÑÉä¹¹Áµ©Ì¹½Éœ½µ…Ñ¡•È¼´½µ…Ñ¡•È´Ì¸À¸À¹Ñèˆ°(€€€€€€‰¥¹Ñ•É¥Ñäˆè€‰Í¡„ÔÄÈµ=­•…h½‰Eá•½é4ÔÕA--TÁå)5A¥™1ÝXÑE©¥ÑÔ¬Õ5½™ME8Ñ±Í1)•ahÅˆáÜÁà¬½µ‘„Ù5iaLÅ©ÙÍ…Á¹œôôˆ°(€€€€€€‰‘•ØˆèÑÉÕ”°(€€€€€€‰±¥•¹Í”ˆè€‰5%Pˆ°(€€€€€€‰½ÁÑ¥½¹…°ˆèÑÉÕ”°(€€€€€€‰‘•Á•¹‘•¹¥•Ìˆèì(€€€€€€€€‰•Í…Á”µÍÑÉ¥¹œµÉ••áÀˆè€‰xÐ¸À¸Àˆ(€€€€€ô°(€€€€€€‰•¹¥¹•Ìˆèì(€€€€€€€€‰¹½‘”ˆè€ˆøôÄÀˆ(€€€€€ô(€€€ô°(€€€€‰¹½‘•}µ½‘Õ±•Ì½µ¥µ¥ŒµÉ•ÍÁ½¹Í”ˆèì(€€€€€€‰Ù•ÉÍ¥½¸ˆè€ˆÄ¸À¸Äˆ°(€€€€€€‰É•Í½±Ù•ˆè€‰¡ÑÑÁÌè¼½É•¥ÍÑÉä¹¹Áµ©Ì¹½Éœ½µ¥µ¥ŒµÉ•ÍÁ½¹Í”¼´½µ¥µ¥ŒµÉ•ÍÁ½¹Í”´Ä¸À¸Ä¹Ñèˆ°(€€€€€€‰¥¹Ñ•É¥Ñäˆè€‰Í¡„ÔÄÈµ¨ÕÑ¹­ Ý…µ™X½ÄÕ!µ½…°ÅœÉE!)IÉ…=ÑµàÁ)Á%Å­á¡	¡$½±)M°Å¹5ÁDÐÕ¡Y…ÉÝ9Q=½]¥µ¹‘hÑE,ÁI!áÕáDôôˆ°(€€€€€€‰‘•ØˆèÑÉÕ”°(€€€€€€‰±¥•¹Í”ˆè€‰5%Pˆ°(€€€€€€‰•¹¥¹•Ìˆèì(€€€€€€€€‰¹½‘”ˆè€ˆøôÐˆ(€€€€€ô(€€€ô°(€€€€‰¹½‘•}µ½‘Õ±•Ì½µÌˆèì(€€€€€€‰Ù•ÉÍ¥½¸ˆè€ˆÈ¸Ä¸Ìˆ°(€€€€€€‰É•Í½±Ù•ˆè€‰¡ÑÑÁÌè¼½É•¥ÍÑÉä¹¹Áµ©Ì¹½Éœ½µÌ¼´½µÌ´È¸Ä¸Ì¹Ñèˆ°(€€€€€€‰¥¹Ñ•É¥Ñäˆè€‰Í¡„ÔÄÈ´Ù±éÕ‰Q1iÍ(É„½9Y±•¡©éÄÕ½á!å…TååeaÙ1ÍÙ½Y…!)Ä½ÌÕáa$Ø½aa@ÙÑèÝHåá=Ñ!¹M<½ÑaÑÍ]IQ±ôôˆ°(€€€€€€‰‘•ØˆèÑÉÕ”°(€€€€€€‰±¥•¹Í”ˆè€‰5%Pˆ(€€€ô°(€€€€‰¹½‘•}µ½‘Õ±•Ì½¹½Éµ…±¥é”µÕÉ°ˆèì(€€€€€€‰Ù•ÉÍ¥½¸ˆè€ˆØ¸Ä¸Àˆ°(€€€€€€‰É•Í½±Ù•ˆè€‰¡ÑÑÁÌè¼½É•¥ÍÑÉä¹¹Áµ©Ì¹½Éœ½¹½Éµ…±¥é”µÕÉ°¼´½¹½Éµ…±¥é”µÕÉ°´Ø¸Ä¸À¹Ñèˆ°(€€€€€€‰¥¹Ñ•É¥Ñäˆè€‰Í¡„ÔÄÈµ±0­aÝ=äÍ9áDááÕÁ½­A,ÐÙ¥ÕY9,ÀÅe8ÝIÕ•e	ÅÅ•Í	©Xåaµé‘Ð¬ØØÝ‰°Õ­A åÅ--Ý¹…AÅ$Ýôôˆ°(€€€€€€‰‘•ØˆèÑÉÕ”°(€€€€€€‰±¥•¹Í”ˆè€‰5%Pˆ°(€€€€€€‰•¹¥¹•Ìˆèì(€€€€€€€€‰¹½‘”ˆè€ˆøôÄÀˆ(€€€€€ô°(€€€€€€‰™Õ¹‘¥¹œˆèì(€€€€€€€€‰ÕÉ°ˆè€‰¡ÑÑÁÌè¼½¥Ñ¡Õˆ¹½´½ÍÁ½¹Í½ÉÌ½Í¥¹‘É•Í½É¡ÕÌˆ(€€€€€ô(€€€ô°(€€€€‰¹½‘•}µ½‘Õ±•Ì½½‰©•Ðµ­•åÌˆèì(€€€€€€‰Ù•ÉÍ¥½¸ˆè€ˆÄ¸Ä¸Äˆ°(€€€€€€‰É•Í½±Ù•ˆè€‰¡ÑÑÁÌè¼½É•¥ÍÑÉä¹¹Áµ©Ì¹½Éœ½½‰©•Ðµ­•åÌ¼´½½‰©•Ðµ­•åÌ´Ä¸Ä¸Ä¹Ñèˆ°(€€€€€€‰¥¹Ñ•É¥Ñäˆè€‰Í¡„ÔÄÈµ9ÕMU=U5É±%a=™!-éÙ‰ÁAÔÍÑeÐÍáÙ©9‘I%D­•PÁ±9ˆÑ,á]HÜÁ…á¡Õ9ÕLÉa­©­å5Ý=éÍ8Õi­Ñ%µ™¡1ôôˆ°(€€€€€€‰‘•ØˆèÑÉÕ”°(€€€€€€‰±¥•¹Í”ˆè€‰5%Pˆ°(€€€€€€‰½ÁÑ¥½¹…°ˆèÑÉÕ”°(€€€€€€‰•¹¥¹•Ìˆèì(€€€€€€€€‰¹½‘”ˆè€ˆøô€À¸Ðˆ(€€€€€ô(€€€ô°(€€€€‰¹½‘•}µ½‘Õ±•Ì½½¹”ˆèì(€€€€€€‰Ù•ÉÍ¥½¸ˆè€ˆÄ¸Ð¸Àˆ°(€€€€€€‰É•Í½±Ù•ˆè€‰¡ÑÑÁÌè¼½É•¥ÍÑÉä¹¹Áµ©Ì¹½Éœ½½¹”¼´½½¹”´Ä¸Ð¸À¹Ñèˆ°(€€€€€€‰¥¹Ñ•É¥Ñäˆè€‰Í¡„ÔÄÈµ±9…)$¬ÉDÕUIE	­-!QE=A…a‘Uá¹ii±EQidÁ5UÕ…Å”Å­9åÙ‘è½…%å9¤Ùhå5é<Õ‘ØÅ á¸Ôà½1ÀÌ­Üôôˆ°(€€€€€€‰‘•ØˆèÑÉÕ”°(€€€€€€‰±¥•¹Í”ˆè€‰%Mˆ°(€€€€€€‰‘•Á•¹‘•¹¥•Ìˆèì(€€€€€€€€‰ÝÉ…ÁÁäˆè€ˆÄˆ(€€€€€ô(€€€ô°(€€€€‰¹½‘•}µ½‘Õ±•Ì½Àµ…¹•±…‰±”ˆèì(€€€€€€‰Ù•ÉÍ¥½¸ˆè€ˆÈ¸Ä¸Äˆ°(€€€€€€‰É•Í½±Ù•ˆè€‰¡ÑÑÁÌè¼½É•¥ÍÑÉä¹¹Áµ©Ì¹½Éœ½Àµ…¹•±…‰±”¼´½Àµ…¹•±…‰±”´È¸Ä¸Ä¹Ñèˆ°(€€€€€€‰¥¹Ñ•É¥Ñäˆè€‰Í¡„ÔÄÈµ	i=ÈÍ¹IE!=¹ÑU©QÉ à­1 ÔÑÍµ-!½!åÕÈá]”ÅXáM5YÉ°ÕÉµ…±==ÝÕ)I¹-I©M¹­½•	 Ñ…ÐÙ	Ý¹ˆÕ$Ý)°ÌÅÝœôôˆ°(€€€€€€‰‘•ØˆèÑÉÕ”°(€€€€€€‰±¥•¹Í”ˆè€‰5%Pˆ°(€€€€€€‰•¹¥¹•Ìˆèì(€€€€€€€€‰¹½‘”ˆè€ˆøôàˆ(€€€€€ô(€€€ô°(€€€€‰¹½‘•}µ½‘Õ±•Ì½Á•¹ˆèì(€€€€€€‰Ù•ÉÍ¥½¸ˆè€ˆÄ¸È¸Àˆ°(€€€€€€‰É•Í½±Ù•ˆè€‰¡ÑÑÁÌè¼½É•¥ÍÑÉä¹¹Áµ©Ì¹½Éœ½Á•¹¼´½Á•¹´Ä¸È¸À¹Ñèˆ°(€€€€€€‰¥¹Ñ•É¥Ñäˆè€‰Í¡„ÔÄÈµÍ…ÍØÐÉUÕa¡‘éÐ­áaÅ™\Å=±Y	”­µá„ÉµÅ$ÁÁœÕå!iAÙµdÍdÙ‘ÉM˜½DÅàÙ]]8å-é ½]É-„Ù¥!a1œôôˆ°(€€€€€€‰‘•ØˆèÑÉÕ”°(€€€€€€‰±¥•¹Í”ˆè€‰5%Pˆ(€€€ô°(€€€€‰¹½‘•}µ½‘Õ±•Ì½ÁÉ½É•ÍÌˆèì(€€€€€€‰Ù•ÉÍ¥½¸ˆè€ˆÈ¸À¸Ìˆ°(€€€€€€‰É•Í½±Ù•ˆè€‰¡ÑÑÁÌè¼½É•¥ÍÑÉä¹¹Áµ©Ì¹½Éœ½ÁÉ½É•ÍÌ¼´½ÁÉ½É•ÍÌ´È¸À¸Ì¹Ñèˆ°(€€€€€€‰¥¹Ñ•É¥Ñäˆè€‰Í¡„ÔÄÈ´ÝA¥!Ñ1±°Õ1‘¹-%5ÜÄÀÁ$¬áá)aHÕ\ÉEÝ]e­PÙ¥)Ù„Á‰a¥Ñi-„½a5ÉM‰‘µœÍÈÉa¹…¥‘èåEÕµÁYA…5Éi±åXåÍôôˆ°(€€€€€€‰‘•ØˆèÑÉÕ”°(€€€€€€‰±¥•¹Í”ˆè€‰5%Pˆ°(€€€€€€‰•¹¥¹•Ìˆèì(€€€€€€€€‰¹½‘”ˆè€ˆøôÀ¸Ð¸Àˆ(€€€€€ô(€€€ô°(€€€€‰¹½‘•}µ½‘Õ±•Ì½ÁÕµÀˆèì(€€€€€€‰Ù•ÉÍ¥½¸ˆè€ˆÌ¸À¸Ðˆ°(€€€€€€‰É•Í½±Ù•ˆè€‰¡ÑÑÁÌè¼½É•¥ÍÑÉä¹¹Áµ©Ì¹½Éœ½ÁÕµÀ¼´½ÁÕµÀ´Ì¸À¸Ð¹Ñèˆ°(€€€€€€‰¥¹Ñ•É¥Ñäˆè€‰Í¡„ÔÄÈµYLÝÍ©ŒÙ-HÝ”ÅÕ­I¡EMdÕ14ÉÕ	]UA¥=A„½Íµ­-µ¥5ÝMµIU%QÐÁáÕ¨¬½±•Í¹Ø­‘A%e±­éÉåaÅÕ%!5ôôˆ°(€€€€€€‰‘•ØˆèÑÉÕ”°(€€€€€€‰±¥•¹Í”ˆè€‰5%Pˆ°(€€€€€€‰‘•Á•¹‘•¹¥•Ìˆèì(€€€€€€€€‰•¹µ½˜µÍÑÉ•…´ˆè€‰xÄ¸Ä¸Àˆ°(€€€€€€€€‰½¹”ˆè€‰xÄ¸Ì¸Äˆ(€€€€€ô(€€€ô°(€€€€‰¹½‘•}µ½‘Õ±•Ì½ÅÕ¥¬µ±ÉÔˆèì(€€€€€€‰Ù•ÉÍ¥½¸ˆè€ˆÔ¸Ä¸Äˆ°(€€€€€€‰É•Í½±Ù•ˆè€‰¡ÑÑÁÌè¼½É•¥ÍÑÉä¹¹Áµ©Ì¹½Éœ½ÅÕ¥¬µ±ÉÔ¼´½ÅÕ¥¬µ±ÉÔ´Ô¸Ä¸Ä¹Ñèˆ°(€€€€€€‰¥¹Ñ•É¥Ñäˆè€‰Í¡„ÔÄÈµ]Õå1I©]AÑÐ½Ýé)¥…‘<Õad¬á¡hàÁ¡YÁ”Ù5å¥ÙÉ…I\ÜÔÅ`ÍM‰¡IÙÍ•1-=e8¬áYÙÅ1˜ÍÝ‘¹ÐÐÑhÑLÑMôôˆ°(€€€€€€‰‘•ØˆèÑÉÕ”°(€€€€€€‰±¥•¹Í”ˆè€‰5%Pˆ°(€€€€€€‰•¹¥¹•Ìˆèì(€€€€€€€€‰¹½‘”ˆè€ˆøôÄÀˆ(€€€€€ô°(€€€€€€‰™Õ¹‘¥¹œˆèì(€€€€€€€€‰ÕÉ°ˆè€‰¡ÑÑÁÌè¼½¥Ñ¡Õˆ¹½´½ÍÁ½¹Í½ÉÌ½Í¥¹‘É•Í½É¡ÕÌˆ(€€€€€ô(€€€ô°(€€€€‰¹½‘•}µ½‘Õ±•Ì½É•Í½±Ù”µ…±Á¸ˆèì(€€€€€€‰Ù•ÉÍ¥½¸ˆè€ˆÄ¸È¸Äˆ°(€€€€€€‰É•Í½±Ù•ˆè€‰¡ÑÑÁÌè¼½É•¥ÍÑÉä¹¹Áµ©Ì¹½Éœ½É•Í½±Ù”µ…±Á¸¼´½É•Í½±Ù”µ…±Á¸´Ä¸È¸Ä¹Ñèˆ°(€€€€€€‰¥¹Ñ•É¥Ñäˆè€‰Í¡„ÔÄÈ´Á„ÅÑ°ÜÌ½ii=…­)¹DÍÙ­(È­MQE]è½ÈÉ-Õ=‘dÁQáA´Õ Ñ­Å­]]™4ÐÝPÝ!Í‰¹=Ñ)YÑ•ÁYäÙÔÝDÍ,­œôôˆ°(€€€€€€‰‘•ØˆèÑÉÕ”°(€€€€€€‰±¥•¹Í”ˆè€‰5%Pˆ(€€€ô°(€€€€‰¹½‘•}µ½‘Õ±•Ì½É•ÍÁ½¹Í•±¥­”ˆèì(€€€€€€‰Ù•ÉÍ¥½¸ˆè€ˆÈ¸À¸Äˆ°(€€€€€€‰É•Í½±Ù•ˆè€‰¡ÑÑÁÌè¼½É•¥ÍÑÉä¹¹Áµ©Ì¹½Éœ½É•ÍÁ½¹Í•±¥­”¼´½É•ÍÁ½¹Í•±¥­”´È¸À¸Ä¹Ñèˆ°(€€€€€€‰¥¹Ñ•É¥Ñäˆè€‰Í¡„ÔÄÈ´Ñ°ÀÍÝ¸Í¡¨Å!@Íåé‘$ÝÍ±­äÕÈÅAèÑ	AÙ-!¥¹åEé1HÕ…ÁÝáå%¤ÁI Ôá5D½MÕÀÍÝ¨É¬Á4½µ!¡Üôôˆ°(€€€€€€‰‘•ØˆèÑÉÕ”°(€€€€€€‰±¥•¹Í”ˆè€‰5%Pˆ°(€€€€€€‰‘•Á•¹‘•¹¥•Ìˆèì(€€€€€€€€‰±½Ý•É…Í”µ­•åÌˆè€‰xÈ¸À¸Àˆ(€€€€€ô°(€€€€€€‰™Õ¹‘¥¹œˆèì(€€€€€€€€‰ÕÉ°ˆè€‰¡ÑÑÁÌè¼½¥Ñ¡Õˆ¹½´½ÍÁ½¹Í½ÉÌ½Í¥¹‘É•Í½É¡ÕÌˆ(€€€€€ô(€€€ô°(€€€€‰¹½‘•}µ½‘Õ±•Ì½É½…ÉÈˆèì(€€€€€€‰Ù•ÉÍ¥½¸ˆè€ˆÈ¸ÄÔ¸Ðˆ°(€€€€€€‰É•Í½±Ù•ˆè€‰¡ÑÑÁÌè¼½É•¥ÍÑÉä¹¹Áµ©Ì¹½Éœ½É½…ÉÈ¼´½É½…ÉÈ´È¸ÄÔ¸Ð¹Ñèˆ°(€€€€€€‰¥¹Ñ•É¥Ñäˆè€‰Í¡„ÔÄÈµ!¡A ­U9!ÉQa9e¡A]1¹Tá=9!‘$¬Õ$¬Ñe%=…¥ØÍÉ!•e±iÙå á@­¥¸ÔääåQQMUeÕ-U©éI$Ñµ‘ ½À¬Éôôˆ°(€€€€€€‰‘•ØˆèÑÉÕ”°(€€€€€€‰±¥•¹Í”ˆè€‰	M´Ìµ±…ÕÍ”ˆ°(€€€€€€‰½ÁÑ¥½¹…°ˆèÑÉÕ”°(€€€€€€‰‘•Á•¹‘•¹¥•Ìˆèì(€€€€€€€€‰‰½½±•…¸ˆè€‰xÌ¸À¸Äˆ°(€€€€€€€€‰‘•Ñ•Ðµ¹½‘”ˆè€‰xÈ¸À¸Ðˆ°(€€€€€€€€‰±½‰…±Ñ¡¥Ìˆè€‰xÄ¸À¸Äˆ°(€€€€€€€€‰©Í½¸µÍÑÉ¥¹¥™äµÍ…™”ˆè€‰xÔ¸À¸Äˆ°(€€€€€€€€‰Í•µÙ•Èµ½µÁ…É”ˆè€‰xÄ¸À¸Àˆ°(€€€€€€€€‰ÍÁÉ¥¹Ñ˜µ©Ìˆè€‰xÄ¸Ä¸Èˆ(€€€€€ô°(€€€€€€‰•¹¥¹•Ìˆèì(€€€€€€€€‰¹½‘”ˆè€ˆøôà¸Àˆ(€€€€€ô(€€€ô°(€€€€‰¹½‘•}µ½‘Õ±•Ì½Í•µÙ•Èˆèì(€€€€€€‰Ù•ÉÍ¥½¸ˆè€ˆØ¸Ì¸Äˆ°(€€€€€€‰É•Í½±Ù•ˆè€‰¡ÑÑÁÌè¼½É•¥ÍÑÉä¹¹Áµ©Ì¹½Éœ½Í•µÙ•È¼´½Í•µÙ•È´Ø¸Ì¸Ä¹Ñèˆ°(€€€€€€‰¥¹Ñ•É¥Ñäˆè€‰Í¡„ÔÄÈµ	HÝYÙY!<­ÄÉá	]Í­áLÙ)ÅÅI¹ˆÝáéUÉ½ˆÜÅ]½M™¥	áeÍ¥­-°ÁµµÄ½5ÁÉååÉI­åÉEáQ<Ùa©5éôôˆ°(€€€€€€‰‘•ØˆèÑÉÕ”°(€€€€€€‰±¥•¹Í”ˆè€‰%Mˆ°(€€€€€€‰‰¥¸ˆèì(€€€€€€€€‰Í•µÙ•Èˆè€‰‰¥¸½Í•µÙ•È¹©Ìˆ(€€€€€ô(€€€ô°(€€€€‰¹½‘•}µ½‘Õ±•Ì½Í•µÙ•Èµ½µÁ…É”ˆèì(€€€€€€‰Ù•ÉÍ¥½¸ˆè€ˆÄ¸À¸Àˆ°(€€€€€€‰É•Í½±Ù•ˆè€‰¡ÑÑÁÌè¼½É•¥ÍÑÉä¹¹Áµ©Ì¹½Éœ½Í•µÙ•Èµ½µÁ…É”¼´½Í•µÙ•Èµ½µÁ…É”´Ä¸À¸À¹Ñèˆ°(€€€€€€‰¥¹Ñ•É¥Ñäˆè€‰Í¡„ÔÄÈµe4Ì½%Q É5(Õ5Ñé…4ÐÈå…¹ ­àÉ©¥1Y©Å%1Ñ´Ñ½åEÄá\Ý•„Ý	™Å‘ ½Ý5,Ý‘¥5¡Ø¼Ù]Ýé¹]5ÝUé)¥a½Üôôˆ°(€€€€€€‰‘•ØˆèÑÉÕ”°(€€€€€€‰±¥•¹Í”ˆè€‰5%Pˆ°(€€€€€€‰½ÁÑ¥½¹…°ˆèÑÉÕ”(€€€ô°(€€€€‰¹½‘•}µ½‘Õ±•Ì½Í•É¥…±¥é”µ•ÉÉ½Èˆèì(€€€€€€‰Ù•ÉÍ¥½¸ˆè€ˆÜ¸À¸Äˆ°(€€€€€€‰É•Í½±Ù•ˆè€‰¡ÑÑÁÌè¼½É•¥ÍÑÉä¹¹Áµ©Ì¹½Éœ½Í•É¥…±¥é”µ•ÉÉ½È¼´½Í•É¥…±¥é”µ•ÉÉ½È´Ü¸À¸Ä¹Ñèˆ°(€€€€€€‰¥¹Ñ•É¥Ñäˆè€‰Í¡„ÔÄÈ´á$áQ©\Õ-5=-ÍiEQÙ½á©ÕM%„Ý™½ÝA]=ÑÌ¬Ù¼ÝÍ©èÐÄ½Å5åYE!á¤ÙA	Ù,É°Á5aUµÅiå9ÁU,­PÉÑE……±ÙÜôôˆ°(€€€€€€‰‘•ØˆèÑÉÕ”°(€€€€€€‰±¥•¹Í”ˆè€‰5%Pˆ°(€€€€€€‰½ÁÑ¥½¹…°ˆèÑÉÕ”°(€€€€€€‰‘•Á•¹‘•¹¥•Ìˆèì(€€€€€€€€‰ÑåÁ”µ™•ÍÐˆè€‰xÀ¸ÄÌ¸Äˆ(€€€€€ô°(€€€€€€‰•¹¥¹•Ìˆèì(€€€€€€€€‰¹½‘”ˆè€ˆøôÄÀˆ(€€€€€ô°(€€€€€€‰™Õ¹‘¥¹œˆèì(€€€€€€€€‰ÕÉ°ˆè€‰¡ÑÑÁÌè¼½¥Ñ¡Õˆ¹½´½ÍÁ½¹Í½ÉÌ½Í¥¹‘É•Í½É¡ÕÌˆ(€€€€€ô(€€€ô°(€€€€‰¹½‘•}µ½‘Õ±•Ì½ÍÁÉ¥¹Ñ˜µ©Ìˆèì(€€€€€€‰Ù•ÉÍ¥½¸ˆè€ˆÄ¸Ä¸Ìˆ°(€€€€€€‰É•Í½±Ù•ˆè€‰¡ÑÑÁÌè¼½É•¥ÍÑÉä¹¹Áµ©Ì¹½Éœ½ÍÁÉ¥¹Ñ˜µ©Ì¼´½ÍÁÉ¥¹Ñ˜µ©Ì´Ä¸Ä¸Ì¹Ñèˆ°(€€€€€€‰¥¹Ñ•É¥Ñäˆè€‰Í¡„ÔÄÈµ=¼¬ÁIXÔä½ÉèÍ™)9-E¥	±Ý™!…MM°ÅÁå	EÍ¹¹%™]=ÐÙ)9¨Õ½œÉTÙ51h¼½%e­¹á¹$­µQM¡II•…ôôˆ°(€€€€€€‰‘•ØˆèÑÉÕ”°(€€€€€€‰±¥•¹Í”ˆè€‰	M´Ìµ±…ÕÍ”ˆ°(€€€€€€‰½ÁÑ¥½¹…°ˆèÑÉÕ”(€€€ô°(€€€€‰¹½‘•}µ½‘Õ±•Ì½ÍÕµ¡•­•Èˆèì(€€€€€€‰Ù•ÉÍ¥½¸ˆè€ˆÌ¸À¸Äˆ°(€€€€€€‰É•Í½±Ù•ˆè€‰¡ÑÑÁÌè¼½É•¥ÍÑÉä¹¹Áµ©Ì¹½Éœ½ÍÕµ¡•­•È¼´½ÍÕµ¡•­•È´Ì¸À¸Ä¹Ñèˆ°(€€€€€€‰¥¹Ñ•É¥Ñäˆè€‰Í¡„ÔÄÈµ5Ù©aé­è½	=™åY­Á½=Ñ	á!`ÉÔÍ-‰5!%½‘a‰±iÍÍ	]=1µ!½Ù%ÁidÝ	å­)‘©ÅI	¤Å]e	9‘åå$ÝÙœôôˆ°(€€€€€€‰‘•ØˆèÑÉÕ”°(€€€€€€‰±¥•¹Í”ˆè€‰Á…¡”´È¸Àˆ°(€€€€€€‰‘•Á•¹‘•¹¥•Ìˆèì(€€€€€€€€‰‘•‰Õœˆè€‰xÐ¸Ä¸Àˆ(€€€€€ô°(€€€€€€‰•¹¥¹•Ìˆèì(€€€€€€€€‰¹½‘”ˆè€ˆøô€à¸Àˆ(€€€€€ô(€€€ô°(€€€€‰¹½‘•}µ½‘Õ±•Ì½ÑåÁ”µ™•ÍÐˆèì(€€€€€€‰Ù•ÉÍ¥½¸ˆè€ˆÀ¸ÄÌ¸Äˆ°(€€€€€€‰É•Í½±Ù•ˆè€‰¡ÑÑÁÌè¼½É•¥ÍÑÉä¹¹Áµ©Ì¹½Éœ½ÑåÁ”µ™•ÍÐ¼´½ÑåÁ”µ™•ÍÐ´À¸ÄÌ¸Ä¹Ñèˆ°(€€€€€€‰¥¹Ñ•É¥Ñäˆè€‰Í¡„ÔÄÈ´ÌÑHÝ!Q¹Áa%)	M¸Õa¡Ý¹9AIaeIiÉ	É<É©‘-Åe=±‘Mé	ÅéÍ]½ieeÙ‘Õ­äÜÍÑ½eL½MÅáAÙ­˜½Áa5œôôˆ°(€€€€€€‰‘•ØˆèÑÉÕ”°(€€€€€€‰±¥•¹Í”ˆè€ˆ¡5%P=HÀ´Ä¸À¤ˆ°(€€€€€€‰½ÁÑ¥½¹…°ˆèÑÉÕ”°(€€€€€€‰•¹¥¹•Ìˆèì(€€€€€€€€‰¹½‘”ˆè€ˆøôÄÀˆ(€€€€€ô°(€€€€€€‰™Õ¹‘¥¹œˆèì(€€€€€€€€‰ÕÉ°ˆè€‰¡ÑÑÁÌè¼½¥Ñ¡Õˆ¹½´½ÍÁ½¹Í½ÉÌ½Í¥¹‘É•Í½É¡ÕÌˆ(€€€€€ô(€€€ô°(€€€€‰¹½‘•}µ½‘Õ±•Ì½Õ¹‘¥¤µÑåÁ•Ìˆèì(€€€€€€‰Ù•ÉÍ¥½¸ˆè€ˆØ¸ÈÄ¸Àˆ°(€€€€€€‰É•Í½±Ù•ˆè€‰¡ÑÑÁÌè¼½É•¥ÍÑÉä¹¹Áµ©Ì¹½Éœ½Õ¹‘¥¤µÑåÁ•Ì¼´½Õ¹‘¥¤µÑåÁ•Ì´Ø¸ÈÄ¸À¹Ñèˆ°(€€€€€€‰¥¹Ñ•É¥Ñäˆè€‰Í¡„ÔÄÈµ¥ÝiÅœÁEÉœåI…ØÕ Ñ¸Á4ØÑŒÍµ­HÔå(ÙÝEÀ¬ÝÑ¹$ÁÍµá…•‘…e19<ÐÑ•PÑÑ		Ý©‰Q¥A5±ÐÉ5ÁPå å)Dôôˆ°(€€€€€€‰‘•ØˆèÑÉÕ”°(€€€€€€‰±¥•¹Í”ˆè€‰5%Pˆ(€€€ô°(€€€€‰¹½‘•}µ½‘Õ±•Ì½Õ¹¥Ù•ÉÍ…±¥™äˆèì(€€€€€€‰Ù•ÉÍ¥½¸ˆè€ˆÀ¸Ä¸Èˆ°(€€€€€€‰É•Í½±Ù•ˆè€‰¡ÑÑÁÌè¼½É•¥ÍÑÉä¹¹Áµ©Ì¹½Éœ½Õ¹¥Ù•ÉÍ…±¥™ä¼´½Õ¹¥Ù•ÉÍ…±¥™ä´À¸Ä¸È¹Ñèˆ°(€€€€€€‰¥¹Ñ•É¥Ñäˆè€‰Í¡„ÔÄÈµÉ	)•$Õa±µäÅÁX¬ØÄÝ]å(ØÍTÙa…é!!É˜É‘‰)¥àÑaéÁUÁILÍi‰¨Á%=Ù„Õ@½½	=e…DÅÜ¬Á…éU­œôôˆ°(€€€€€€‰‘•ØˆèÑÉÕ”°(€€€€€€‰±¥•¹Í”ˆè€‰5%Pˆ°(€€€€€€‰•¹¥¹•Ìˆèì(€€€€€€€€‰¹½‘”ˆè€ˆøô€Ð¸À¸Àˆ(€€€€€ô(€€€ô°(€€€€‰¹½‘•}µ½‘Õ±•Ì½ÝÉ…ÁÁäˆèì(€€€€€€‰Ù•ÉÍ¥½¸ˆè€ˆÄ¸À¸Èˆ°(€€€€€€‰É•Í½±Ù•ˆè€‰¡ÑÑÁÌè¼½É•¥ÍÑÉä¹¹Áµ©Ì¹½Éœ½ÝÉ…ÁÁä¼´½ÝÉ…ÁÁä´Ä¸À¸È¹Ñèˆ°(€€€€€€‰¥¹Ñ•É¥Ñäˆè€‰Í¡„ÔÄÈµ°ÑMÀ½IÍ•½ÈåÝ0ÙÙXÈ­QÕE¸ØÍ‘5­A©h½ÍÀåa­¡Q‰Xå-±ALÅáUÍhÍÔÜ½%E<ÑÝáÑÑ‰ÁEAIHÍEÙ•éADôôˆ°(€€€€€€‰‘•ØˆèÑÉÕ”°(€€€€€€‰±¥•¹Í”ˆè€‰%Mˆ(€€€ô°(€€€€‰¹½‘•}µ½‘Õ±•Ì½å…Õé°ˆèì(€€€€€€‰Ù•ÉÍ¥½¸ˆè€ˆÈ¸ÄÀ¸Àˆ°(€€€€€€‰É•Í½±Ù•ˆè€‰¡ÑÑÁÌè¼½É•¥ÍÑÉä¹¹Áµ©Ì¹½Éœ½å…Õé°¼´½å…Õé°´È¸ÄÀ¸À¹Ñèˆ°(€€€€€€‰¥¹Ñ•É¥Ñäˆè€‰Í¡„ÔÄÈµÀÑ„å$Ù`Ù¹ÔÙ%¡½µ	Å‰)äÅµ±Ñ¨ÈÝÙAi`åÑ0Ð½ÙiPÍ1åÄÅY­!Ü½X½AUå	Õ¼­Í¥!­PÁàÍEå„ÔáéŒÍœôôˆ°(€€€€€€‰‘•ØˆèÑÉÕ”°(€€€€€€‰±¥•¹Í”ˆè€‰5%Pˆ°(€€€€€€‰‘•Á•¹‘•¹¥•Ìˆèì(€€€€€€€€‰‰Õ™™•ÈµÉŒÌÈˆè€‰øÀ¸È¸Ìˆ°(€€€€€€€€‰™µÍ±¥•Èˆè€‰øÄ¸Ä¸Àˆ(€€€€€ô(€€€ô(€ô)ô